// !$*UTF8*$!
{
	archiveVersion = 1;
	classes = {
	};
	objectVersion = 77;
	objects = {

/* Begin PBXContainerItemProxy section */
		3080207D2CB051A900F036BF /* PBXContainerItemProxy */ = {
			isa = PBXContainerItemProxy;
			containerPortal = 308020632CB051A700F036BF /* Project object */;
			proxyType = 1;
			remoteGlobalIDString = 3080206A2CB051A700F036BF;
			remoteInfo = AutoCompleteTextFieldSwift;
		};
		308020872CB051A900F036BF /* PBXContainerItemProxy */ = {
			isa = PBXContainerItemProxy;
			containerPortal = 308020632CB051A700F036BF /* Project object */;
			proxyType = 1;
			remoteGlobalIDString = 3080206A2CB051A700F036BF;
			remoteInfo = AutoCompleteTextFieldSwift;
		};
/* End PBXContainerItemProxy section */

/* Begin PBXFileReference section */
		3080206B2CB051A700F036BF /* AutoCompleteTextFieldSwift.app */ = {isa = PBXFileReference; explicitFileType = wrapper.application; includeInIndex = 0; path = AutoCompleteTextFieldSwift.app; sourceTree = BUILT_PRODUCTS_DIR; };
		3080207C2CB051A900F036BF /* AutoCompleteTextFieldSwiftTests.xctest */ = {isa = PBXFileReference; explicitFileType = wrapper.cfbundle; includeInIndex = 0; path = AutoCompleteTextFieldSwiftTests.xctest; sourceTree = BUILT_PRODUCTS_DIR; };
		308020862CB051A900F036BF /* AutoCompleteTextFieldSwiftUITests.xctest */ = {isa = PBXFileReference; explicitFileType = wrapper.cfbundle; includeInIndex = 0; path = AutoCompleteTextFieldSwiftUITests.xctest; sourceTree = BUILT_PRODUCTS_DIR; };
/* End PBXFileReference section */

/* Begin PBXFileSystemSynchronizedBuildFileExceptionSet section */
		3080208E2CB051A900F036BF /* Exceptions for "AutoCompleteTextFieldSwift" folder in "AutoCompleteTextFieldSwift" target */ = {
			isa = PBXFileSystemSynchronizedBuildFileExceptionSet;
			membershipExceptions = (
				"/Localized: Main.storyboard",
			);
			target = 3080206A2CB051A700F036BF /* AutoCompleteTextFieldSwift */;
		};
/* End PBXFileSystemSynchronizedBuildFileExceptionSet section */

/* Begin PBXFileSystemSynchronizedGroupBuildPhaseMembershipExceptionSet section */
		308020922CB051A900F036BF /* Exceptions for "AutoCompleteTextFieldSwift" folder in "Copy Bundle Resources" phase from "AutoCompleteTextFieldSwift" target */ = {
			isa = PBXFileSystemSynchronizedGroupBuildPhaseMembershipExceptionSet;
			buildPhase = 308020692CB051A700F036BF /* Resources */;
			membershipExceptions = (
				Base.lproj/Main.storyboard,
			);
		};
/* End PBXFileSystemSynchronizedGroupBuildPhaseMembershipExceptionSet section */

/* Begin PBXFileSystemSynchronizedRootGroup section */
		3080206D2CB051A700F036BF /* AutoCompleteTextFieldSwift */ = {
			isa = PBXFileSystemSynchronizedRootGroup;
			exceptions = (
				3080208E2CB051A900F036BF /* Exceptions for "AutoCompleteTextFieldSwift" folder in "AutoCompleteTextFieldSwift" target */,
				308020922CB051A900F036BF /* Exceptions for "AutoCompleteTextFieldSwift" folder in "Copy Bundle Resources" phase from "AutoCompleteTextFieldSwift" target */,
			);
			path = AutoCompleteTextFieldSwift;
			sourceTree = "<group>";
		};
		3080207F2CB051A900F036BF /* AutoCompleteTextFieldSwiftTests */ = {
			isa = PBXFileSystemSynchronizedRootGroup;
			path = AutoCompleteTextFieldSwiftTests;
			sourceTree = "<group>";
		};
		308020892CB051A900F036BF /* AutoCompleteTextFieldSwiftUITests */ = {
			isa = PBXFileSystemSynchronizedRootGroup;
			path = AutoCompleteTextFieldSwiftUITests;
			sourceTree = "<group>";
		};
/* End PBXFileSystemSynchronizedRootGroup section */

/* Begin PBXFrameworksBuildPhase section */
		308020682CB051A700F036BF /* Frameworks */ = {
			isa = PBXFrameworksBuildPhase;
			buildActionMask = 2147483647;
			files = (
			);
			runOnlyForDeploymentPostprocessing = 0;
		};
		308020792CB051A900F036BF /* Frameworks */ = {
			isa = PBXFrameworksBuildPhase;
			buildActionMask = 2147483647;
			files = (
			);
			runOnlyForDeploymentPostprocessing = 0;
		};
		308020832CB051A900F036BF /* Frameworks */ = {
			isa = PBXFrameworksBuildPhase;
			buildActionMask = 2147483647;
			files = (
			);
			runOnlyForDeploymentPostprocessing = 0;
		};
/* End PBXFrameworksBuildPhase section */

/* Begin PBXGroup section */
		308020622CB051A700F036BF = {
			isa = PBXGroup;
			children = (
				3080206D2CB051A700F036BF /* AutoCompleteTextFieldSwift */,
				3080207F2CB051A900F036BF /* AutoCompleteTextFieldSwiftTests */,
				308020892CB051A900F036BF /* AutoCompleteTextFieldSwiftUITests */,
				3080206C2CB051A700F036BF /* Products */,
			);
			sourceTree = "<group>";
		};
		3080206C2CB051A700F036BF /* Products */ = {
			isa = PBXGroup;
			children = (
				3080206B2CB051A700F036BF /* AutoCompleteTextFieldSwift.app */,
				3080207C2CB051A900F036BF /* AutoCompleteTextFieldSwiftTests.xctest */,
				308020862CB051A900F036BF /* AutoCompleteTextFieldSwiftUITests.xctest */,
			);
			name = Products;
			sourceTree = "<group>";
		};
/* End PBXGroup section */

/* Begin PBXNativeTarget section */
		3080206A2CB051A700F036BF /* AutoCompleteTextFieldSwift */ = {
			isa = PBXNativeTarget;
			buildConfigurationList = 3080208F2CB051A900F036BF /* Build configuration list for PBXNativeTarget "AutoCompleteTextFieldSwift" */;
			buildPhases = (
				308020672CB051A700F036BF /* Sources */,
				308020682CB051A700F036BF /* Frameworks */,
				308020692CB051A700F036BF /* Resources */,
			);
			buildRules = (
			);
			dependencies = (
			);
			fileSystemSynchronizedGroups = (
				3080206D2CB051A700F036BF /* AutoCompleteTextFieldSwift */,
			);
			name = AutoCompleteTextFieldSwift;
			packageProductDependencies = (
			);
			productName = AutoCompleteTextFieldSwift;
			productReference = 3080206B2CB051A700F036BF /* AutoCompleteTextFieldSwift.app */;
			productType = "com.apple.product-type.application";
		};
		3080207B2CB051A900F036BF /* AutoCompleteTextFieldSwiftTests */ = {
			isa = PBXNativeTarget;
			buildConfigurationList = 308020952CB051A900F036BF /* Build configuration list for PBXNativeTarget "AutoCompleteTextFieldSwiftTests" */;
			buildPhases = (
				308020782CB051A900F036BF /* Sources */,
				308020792CB051A900F036BF /* Frameworks */,
				3080207A2CB051A900F036BF /* Resources */,
			);
			buildRules = (
			);
			dependencies = (
				3080207E2CB051A900F036BF /* PBXTargetDependency */,
			);
			fileSystemSynchronizedGroups = (
				3080207F2CB051A900F036BF /* AutoCompleteTextFieldSwiftTests */,
			);
			name = AutoCompleteTextFieldSwiftTests;
			packageProductDependencies = (
			);
			productName = AutoCompleteTextFieldSwiftTests;
			productReference = 3080207C2CB051A900F036BF /* AutoCompleteTextFieldSwiftTests.xctest */;
			productType = "com.apple.product-type.bundle.unit-test";
		};
		308020852CB051A900F036BF /* AutoCompleteTextFieldSwiftUITests */ = {
			isa = PBXNativeTarget;
			buildConfigurationList = 308020982CB051A900F036BF /* Build configuration list for PBXNativeTarget "AutoCompleteTextFieldSwiftUITests" */;
			buildPhases = (
				308020822CB051A900F036BF /* Sources */,
				308020832CB051A900F036BF /* Frameworks */,
				308020842CB051A900F036BF /* Resources */,
			);
			buildRules = (
			);
			dependencies = (
				308020882CB051A900F036BF /* PBXTargetDependency */,
			);
			fileSystemSynchronizedGroups = (
				308020892CB051A900F036BF /* AutoCompleteTextFieldSwiftUITests */,
			);
			name = AutoCompleteTextFieldSwiftUITests;
			packageProductDependencies = (
			);
			productName = AutoCompleteTextFieldSwiftUITests;
			productReference = 308020862CB051A900F036BF /* AutoCompleteTextFieldSwiftUITests.xctest */;
			productType = "com.apple.product-type.bundle.ui-testing";
		};
/* End PBXNativeTarget section */

/* Begin PBXProject section */
		308020632CB051A700F036BF /* Project object */ = {
			isa = PBXProject;
			attributes = {
				BuildIndependentTargetsInParallel = 1;
				LastSwiftUpdateCheck = 1610;
				LastUpgradeCheck = 1610;
				TargetAttributes = {
					3080206A2CB051A700F036BF = {
						CreatedOnToolsVersion = 16.1;
					};
					3080207B2CB051A900F036BF = {
						CreatedOnToolsVersion = 16.1;
						TestTargetID = 3080206A2CB051A700F036BF;
					};
					308020852CB051A900F036BF = {
						CreatedOnToolsVersion = 16.1;
						TestTargetID = 3080206A2CB051A700F036BF;
					};
				};
			};
			buildConfigurationList = 308020662CB051A700F036BF /* Build configuration list for PBXProject "AutoCompleteTextFieldSwift" */;
			developmentRegion = en;
			hasScannedForEncodings = 0;
			knownRegions = (
				en,
				Base,
			);
			mainGroup = 308020622CB051A700F036BF;
			minimizedProjectReferenceProxies = 1;
			preferredProjectObjectVersion = 77;
			productRefGroup = 3080206C2CB051A700F036BF /* Products */;
			projectDirPath = "";
			projectRoot = "";
			targets = (
				3080206A2CB051A700F036BF /* AutoCompleteTextFieldSwift */,
				3080207B2CB051A900F036BF /* AutoCompleteTextFieldSwiftTests */,
				308020852CB051A900F036BF /* AutoCompleteTextFieldSwiftUITests */,
			);
		};
/* End PBXProject section */

/* Begin PBXResourcesBuildPhase section */
		308020692CB051A700F036BF /* Resources */ = {
			isa = PBXResourcesBuildPhase;
			buildActionMask = 2147483647;
			files = (
			);
			runOnlyForDeploymentPostprocessing = 0;
		};
		3080207A2CB051A900F036BF /* Resources */ = {
			isa = PBXResourcesBuildPhase;
			buildActionMask = 2147483647;
			files = (
			);
			runOnlyForDeploymentPostprocessing = 0;
		};
		308020842CB051A900F036BF /* Resources */ = {
			isa = PBXResourcesBuildPhase;
			buildActionMask = 2147483647;
			files = (
			);
			runOnlyForDeploymentPostprocessing = 0;
		};
/* End PBXResourcesBuildPhase section */

/* Begin PBXSourcesBuildPhase section */
		308020672CB051A700F036BF /* Sources */ = {
			isa = PBXSourcesBuildPhase;
			buildActionMask = 2147483647;
			files = (
			);
			runOnlyForDeploymentPostprocessing = 0;
		};
		308020782CB051A900F036BF /* Sources */ = {
			isa = PBXSourcesBuildPhase;
			buildActionMask = 2147483647;
			files = (
			);
			runOnlyForDeploymentPostprocessing = 0;
		};
		308020822CB051A900F036BF /* Sources */ = {
			isa = PBXSourcesBuildPhase;
			buildActionMask = 2147483647;
			files = (
			);
			runOnlyForDeploymentPostprocessing = 0;
		};
/* End PBXSourcesBuildPhase section */

/* Begin PBXTargetDependency section */
		3080207E2CB051A900F036BF /* PBXTargetDependency */ = {
			isa = PBXTargetDependency;
			target = 3080206A2CB051A700F036BF /* AutoCompleteTextFieldSwift */;
			targetProxy = 3080207D2CB051A900F036BF /* PBXContainerItemProxy */;
		};
		308020882CB051A900F036BF /* PBXTargetDependency */ = {
			isa = PBXTargetDependency;
			target = 3080206A2CB051A700F036BF /* AutoCompleteTextFieldSwift */;
			targetProxy = 308020872CB051A900F036BF /* PBXContainerItemProxy */;
		};
/* End PBXTargetDependency section */

/* Begin XCBuildConfiguration section */
		308020902CB051A900F036BF /* Debug */ = {
			isa = XCBuildConfiguration;
			buildSettings = {
				ASSETCATALOG_COMPILER_APPICON_NAME = AppIcon;
				ASSETCATALOG_COMPILER_GLOBAL_ACCENT_COLOR_NAME = AccentColor;
				CODE_SIGN_ENTITLEMENTS = AutoCompleteTextFieldSwift/AutoCompleteTextFieldSwift.entitlements;
				CODE_SIGN_STYLE = Automatic;
				COMBINE_HIDPI_IMAGES = YES;
				CURRENT_PROJECT_VERSION = 1;
				GENERATE_INFOPLIST_FILE = YES;
				INFOPLIST_KEY_NSHumanReadableCopyright = "";
				INFOPLIST_KEY_NSMainStoryboardFile = Main;
				INFOPLIST_KEY_NSPrincipalClass = NSApplication;
				LD_RUNPATH_SEARCH_PATHS = (
					"$(inherited)",
					"@executable_path/../Frameworks",
				);
				MARKETING_VERSION = 1.0;
				PRODUCT_BUNDLE_IDENTIFIER = noOrg.AutoCompleteTextFieldSwift;
				PRODUCT_NAME = "$(TARGET_NAME)";
				SWIFT_EMIT_LOC_STRINGS = YES;
				SWIFT_VERSION = 5.0;
			};
			name = Debug;
		};
		308020912CB051A900F036BF /* Release */ = {
			isa = XCBuildConfiguration;
			buildSettings = {
				ASSETCATALOG_COMPILER_APPICON_NAME = AppIcon;
				ASSETCATALOG_COMPILER_GLOBAL_ACCENT_COLOR_NAME = AccentColor;
				CODE_SIGN_ENTITLEMENTS = AutoCompleteTextFieldSwift/AutoCompleteTextFieldSwift.entitlements;
				CODE_SIGN_STYLE = Automatic;
				COMBINE_HIDPI_IMAGES = YES;
				CURRENT_PROJECT_VERSION = 1;
				GENERATE_INFOPLIST_FILE = YES;
				INFOPLIST_KEY_NSHumanReadableCopyright = "";
				INFOPLIST_KEY_NSMainStoryboardFile = Main;
				INFOPLIST_KEY_NSPrincipalClass = NSApplication;
				LD_RUNPATH_SEARCH_PATHS = (
					"$(inherited)",
					"@executable_path/../Frameworks",
				);
				MARKETING_VERSION = 1.0;
				PRODUCT_BUNDLE_IDENTIFIER = noOrg.AutoCompleteTextFieldSwift;
				PRODUCT_NAME = "$(TARGET_NAME)";
				SWIFT_EMIT_LOC_STRINGS = YES;
				SWIFT_VERSION = 5.0;
			};
			name = Release;
		};
		308020932CB051A900F036BF /* Debug */ = {
			isa = XCBuildConfiguration;
			buildSettings = {
				ALWAYS_SEARCH_USER_PATHS = NO;
				ASSETCATALOG_COMPILER_GENERATE_SWIFT_ASSET_SYMBOL_EXTENSIONS = YES;
				CLANG_ANALYZER_NONNULL = YES;
				CLANG_ANALYZER_NUMBER_OBJECT_CONVERSION = YES_AGGRESSIVE;
				CLANG_CXX_LANGUAGE_STANDARD = "gnu++20";
				CLANG_ENABLE_MODULES = YES;
				CLANG_ENABLE_OBJC_ARC = YES;
				CLANG_ENABLE_OBJC_WEAK = YES;
				CLANG_WARN_BLOCK_CAPTURE_AUTORELEASING = YES;
				CLANG_WARN_BOOL_CONVERSION = YES;
				CLANG_WARN_COMMA = YES;
				CLANG_WARN_CONSTANT_CONVERSION = YES;
				CLANG_WARN_DEPRECATED_OBJC_IMPLEMENTATIONS = YES;
				CLANG_WARN_DIRECT_OBJC_ISA_USAGE = YES_ERROR;
				CLANG_WARN_DOCUMENTATION_COMMENTS = YES;
				CLANG_WARN_EMPTY_BODY = YES;
				CLANG_WARN_ENUM_CONVERSION = YES;
				CLANG_WARN_INFINITE_RECURSION = YES;
				CLANG_WARN_INT_CONVERSION = YES;
				CLANG_WARN_NON_LITERAL_NULL_CONVERSION = YES;
				CLANG_WARN_OBJC_IMPLICIT_RETAIN_SELF = YES;
				CLANG_WARN_OBJC_LITERAL_CONVERSION = YES;
				CLANG_WARN_OBJC_ROOT_CLASS = YES_ERROR;
				CLANG_WARN_QUOTED_INCLUDE_IN_FRAMEWORK_HEADER = YES;
				CLANG_WARN_RANGE_LOOP_ANALYSIS = YES;
				CLANG_WARN_STRICT_PROTOTYPES = YES;
				CLANG_WARN_SUSPICIOUS_MOVE = YES;
				CLANG_WARN_UNGUARDED_AVAILABILITY = YES_AGGRESSIVE;
				CLANG_WARN_UNREACHABLE_CODE = YES;
				CLANG_WARN__DUPLICATE_METHOD_MATCH = YES;
				COPY_PHASE_STRIP = NO;
				DEBUG_INFORMATION_FORMAT = dwarf;
				ENABLE_STRICT_OBJC_MSGSEND = YES;
				ENABLE_TESTABILITY = YES;
				ENABLE_USER_SCRIPT_SANDBOXING = YES;
				GCC_C_LANGUAGE_STANDARD = gnu17;
				GCC_DYNAMIC_NO_PIC = NO;
				GCC_NO_COMMON_BLOCKS = YES;
				GCC_OPTIMIZATION_LEVEL = 0;
				GCC_PREPROCESSOR_DEFINITIONS = (
					"DEBUG=1",
					"$(inherited)",
				);
				GCC_WARN_64_TO_32_BIT_CONVERSION = YES;
				GCC_WARN_ABOUT_RETURN_TYPE = YES_ERROR;
				GCC_WARN_UNDECLARED_SELECTOR = YES;
				GCC_WARN_UNINITIALIZED_AUTOS = YES_AGGRESSIVE;
				GCC_WARN_UNUSED_FUNCTION = YES;
				GCC_WARN_UNUSED_VARIABLE = YES;
				LOCALIZATION_PREFERS_STRING_CATALOGS = YES;
				MACOSX_DEPLOYMENT_TARGET = 14.6;
				MTL_ENABLE_DEBUG_INFO = INCLUDE_SOURCE;
				MTL_FAST_MATH = YES;
				ONLY_ACTIVE_ARCH = YES;
				SDKROOT = macosx;
				SWIFT_ACTIVE_COMPILATION_CONDITIONS = "DEBUG $(inherited)";
				SWIFT_OPTIMIZATION_LEVEL = "-Onone";
			};
			name = Debug;
		};
		308020942CB051A900F036BF /* Release */ = {
			isa = XCBuildConfiguration;
			buildSettings = {
				ALWAYS_SEARCH_USER_PATHS = NO;
				ASSETCATALOG_COMPILER_GENERATE_SWIFT_ASSET_SYMBOL_EXTENSIONS = YES;
				CLANG_ANALYZER_NONNULL = YES;
				CLANG_ANALYZER_NUMBER_OBJECT_CONVERSION = YES_AGGRESSIVE;
				CLANG_CXX_LANGUAGE_STANDARD = "gnu++20";
				CLANG_ENABLE_MODULES = YES;
				CLANG_ENABLE_OBJC_ARC = YES;
				CLANG_ENABLE_OBJC_WEAK = YES;
				CLANG_WARN_BLOCK_CAPTURE_AUTORELEASING = YES;
				CLANG_WARN_BOOL_CONVERSION = YES;
				CLANG_WARN_COMMA = YES;
				CLANG_WARN_CONSTANT_CONVERSION = YES;
				CLANG_WARN_DEPRECATED_OBJC_IMPLEMENTATIONS = YES;
				CLANG_WARN_DIRECT_OBJC_ISA_USAGE = YES_ERROR;
				CLANG_WARN_DOCUMENTATION_COMMENTS = YES;
				CLANG_WARN_EMPTY_BODY = YES;
				CLANG_WARN_ENUM_CONVERSION = YES;
				CLANG_WARN_INFINITE_RECURSION = YES;
				CLANG_WARN_INT_CONVERSION = YES;
				CLANG_WARN_NON_LITERAL_NULL_CONVERSION = YES;
				CLANG_WARN_OBJC_IMPLICIT_RETAIN_SELF = YES;
				CLANG_WARN_OBJC_LITERAL_CONVERSION = YES;
				CLANG_WARN_OBJC_ROOT_CLASS = YES_ERROR;
				CLANG_WARN_QUOTED_INCLUDE_IN_FRAMEWORK_HEADER = YES;
				CLANG_WARN_RANGE_LOOP_ANALYSIS = YES;
				CLANG_WARN_STRICT_PROTOTYPES = YES;
				CLANG_WARN_SUSPICIOUS_MOVE = YES;
				CLANG_WARN_UNGUARDED_AVAILABILITY = YES_AGGRESSIVE;
				CLANG_WARN_UNREACHABLE_CODE = YES;
				CLANG_WARN__DUPLICATE_METHOD_MATCH = YES;
				COPY_PHASE_STRIP = NO;
				DEBUG_INFORMATION_FORMAT = "dwarf-with-dsym";
				ENABLE_NS_ASSERTIONS = NO;
				ENABLE_STRICT_OBJC_MSGSEND = YES;
				ENABLE_USER_SCRIPT_SANDBOXING = YES;
				GCC_C_LANGUAGE_STANDARD = gnu17;
				GCC_NO_COMMON_BLOCKS = YES;
				GCC_WARN_64_TO_32_BIT_CONVERSION = YES;
				GCC_WARN_ABOUT_RETURN_TYPE = YES_ERROR;
				GCC_WARN_UNDECLARED_SELECTOR = YES;
				GCC_WARN_UNINITIALIZED_AUTOS = YES_AGGRESSIVE;
				GCC_WARN_UNUSED_FUNCTION = YES;
				GCC_WARN_UNUSED_VARIABLE = YES;
				LOCALIZATION_PREFERS_STRING_CATALOGS = YES;
				MACOSX_DEPLOYMENT_TARGET = 14.6;
				MTL_ENABLE_DEBUG_INFO = NO;
				MTL_FAST_MATH = YES;
				SDKROOT = macosx;
				SWIFT_COMPILATION_MODE = wholemodule;
			};
			name = Release;
		};
		308020962CB051A900F036BF /* Debug */ = {
			isa = XCBuildConfiguration;
			buildSettings = {
				BUNDLE_LOADER = "$(TEST_HOST)";
				CODE_SIGN_STYLE = Automatic;
				CURRENT_PROJECT_VERSION = 1;
				GENERATE_INFOPLIST_FILE = YES;
				MACOSX_DEPLOYMENT_TARGET = 14.6;
				MARKETING_VERSION = 1.0;
				PRODUCT_BUNDLE_IDENTIFIER = noOrg.AutoCompleteTextFieldSwiftTests;
				PRODUCT_NAME = "$(TARGET_NAME)";
				SWIFT_EMIT_LOC_STRINGS = NO;
				SWIFT_VERSION = 5.0;
				TEST_HOST = "$(BUILT_PRODUCTS_DIR)/AutoCompleteTextFieldSwift.app/$(BUNDLE_EXECUTABLE_FOLDER_PATH)/AutoCompleteTextFieldSwift";
			};
			name = Debug;
		};
		308020972CB051A900F036BF /* Release */ = {
			isa = XCBuildConfiguration;
			buildSettings = {
				BUNDLE_LOADER = "$(TEST_HOST)";
				CODE_SIGN_STYLE = Automatic;
				CURRENT_PROJECT_VERSION = 1;
				GENERATE_INFOPLIST_FILE = YES;
				MACOSX_DEPLOYMENT_TARGET = 14.6;
				MARKETING_VERSION = 1.0;
				PRODUCT_BUNDLE_IDENTIFIER = noOrg.AutoCompleteTextFieldSwiftTests;
				PRODUCT_NAME = "$(TARGET_NAME)";
				SWIFT_EMIT_LOC_STRINGS = NO;
				SWIFT_VERSION = 5.0;
				TEST_HOST = "$(BUILT_PRODUCTS_DIR)/AutoCompleteTextFieldSwift.app/$(BUNDLE_EXECUTABLE_FOLDER_PATH)/AutoCompleteTextFieldSwift";
			};
			name = Release;
		};
		308020992CB051A900F036BF /* Debug */ = {
			isa = XCBuildConfiguration;
			buildSettings = {
				CODE_SIGN_STYLE = Automatic;
				CURRENT_PROJECT_VERSION = 1;
				GENERATE_INFOPLIST_FILE = YES;
				MARKETING_VERSION = 1.0;
				PRODUCT_BUNDLE_IDENTIFIER = noOrg.AutoCompleteTextFieldSwiftUITests;
				PRODUCT_NAME = "$(TARGET_NAME)";
				SWIFT_EMIT_LOC_STRINGS = NO;
				SWIFT_VERSION = 5.0;
				TEST_TARGET_NAME = AutoCompleteTextFieldSwift;
			};
			name = Debug;
		};
		3080209A2CB051A900F036BF /* Release */ = {
			isa = XCBuildConfiguration;
			buildSettings = {
				CODE_SIGN_STYLE = Automatic;
				CURRENT_PROJECT_VERSION = 1;
				GENERATE_INFOPLIST_FILE = YES;
				MARKETING_VERSION = 1.0;
				PRODUCT_BUNDLE_IDENTIFIER = noOrg.AutoCompleteTextFieldSwiftUITests;
				PRODUCT_NAME = "$(TARGET_NAME)";
				SWIFT_EMIT_LOC_STRINGS = NO;
				SWIFT_VERSION = 5.0;
				TEST_TARGET_NAME = AutoCompleteTextFieldSwift;
			};
			name = Release;
		};
/* End XCBuildConfiguration section */

/* Begin XCConfigurationList section */
		308020662CB051A700F036BF /* Build configuration list for PBXProject "AutoCompleteTextFieldSwift" */ = {
			isa = XCConfigurationList;
			buildConfigurations = (
				308020932CB051A900F036BF /* Debug */,
				308020942CB051A900F036BF /* Release */,
			);
			defaultConfigurationIsVisible = 0;
			defaultConfigurationName = Release;
		};
		3080208F2CB051A900F036BF /* Build configuration list for PBXNativeTarget "AutoCompleteTextFieldSwift" */ = {
			isa = XCConfigurationList;
			buildConfigurations = (
				308020902CB051A900F036BF /* Debug */,
				308020912CB051A900F036BF /* Release */,
			);
			defaultConfigurationIsVisible = 0;
			defaultConfigurationName = Release;
		};
		308020952CB051A900F036BF /* Build configuration list for PBXNativeTarget "AutoCompleteTextFieldSwiftTests" */ = {
			isa = XCConfigurationList;
			buildConfigurations = (
				308020962CB051A900F036BF /* Debug */,
				308020972CB051A900F036BF /* Release */,
			);
			defaultConfigurationIsVisible = 0;
			defaultConfigurationName = Release;
		};
		308020982CB051A900F036BF /* Build configuration list for PBXNativeTarget "AutoCompleteTextFieldSwiftUITests" */ = {
			isa = XCConfigurationList;
			buildConfigurations = (
				308020992CB051A900F036BF /* Debug */,
				3080209A2CB051A900F036BF /* Release */,
			);
			defaultConfigurationIsVisible = 0;
			defaultConfigurationName = Release;
		};
/* End XCConfigurationList section */
	};
	rootObject = 308020632CB051A700F036BF /* Project object */;
}
